
Microsoft Visual Studio Solution File, Format Version 12.00
# Visual Studio Version 17
VisualStudioVersion = 17.2.32526.322
MinimumVisualStudioVersion = 10.0.40219.1
Project("{FAE04EC0-301F-11D3-BF4B-00C04F79EFBC}") = "Exercicio1_POO", "Exercicio1_POO.csproj", "{DE8504D8-F410-4644-A30D-5421573FE4BC}"
EndProject
Global
	GlobalSection(SolutionConfigurationPlatforms) = preSolution
		Debug|Any CPU = Debug|Any CPU
		Release|Any CPU = Release|Any CPU
	EndGlobalSection
	GlobalSection(ProjectConfigurationPlatforms) = postSolution
		{DE8504D8-F410-4644-A30D-5421573FE4BC}.Debug|Any CPU.ActiveCfg = Debug|Any CPU
		{DE8504D8-F410-4644-A30D-5421573FE4BC}.Debug|Any CPU.Build.0 = Debug|Any CPU
		{DE8504D8-F410-4644-A30D-5421573FE4BC}.Release|Any CPU.ActiveCfg = Release|Any CPU
		{DE8504D8-F410-4644-A30D-5421573FE4BC}.Release|Any CPU.Build.0 = Release|Any CPU
	EndGlobalSection
	GlobalSection(SolutionProperties) = preSolution
		HideSolutionNode = FALSE
	EndGlobalSection
	GlobalSection(ExtensibilityGlobals) = postSolution
		SolutionGuid = {01563546-3EAC-43EB-87ED-A9AECE4F3B91}
	EndGlobalSection
EndGlobal
